// !$*UTF8*$!
{
	archiveVersion = 1;
	classes = {
	};
	objectVersion = 46;
	objects = {

/* Begin PBXBuildFile section */
		4A04A6A418A6365100CE7C3F /* jquery-2.1.0.min.js in Resources */ = {isa = PBXBuildFile; fileRef = 4A04A6A318A6365100CE7C3F /* jquery-2.1.0.min.js */; };
		4A3E28EB1896D16F0037B8AE /* Foundation.framework in Frameworks */ = {isa = PBXBuildFile; fileRef = 4A3E28EA1896D16F0037B8AE /* Foundation.framework */; };
		4A3E28ED1896D16F0037B8AE /* CoreGraphics.framework in Frameworks */ = {isa = PBXBuildFile; fileRef = 4A3E28EC1896D16F0037B8AE /* CoreGraphics.framework */; };
		4A3E28EF1896D16F0037B8AE /* UIKit.framework in Frameworks */ = {isa = PBXBuildFile; fileRef = 4A3E28EE1896D16F0037B8AE /* UIKit.framework */; };
		4A3E28F51896D16F0037B8AE /* InfoPlist.strings in Resources */ = {isa = PBXBuildFile; fileRef = 4A3E28F31896D16F0037B8AE /* InfoPlist.strings */; };
		4A3E28F71896D16F0037B8AE /* main.m in Sources */ = {isa = PBXBuildFile; fileRef = 4A3E28F61896D16F0037B8AE /* main.m */; };
		4A3E28FB1896D16F0037B8AE /* CPAppDelegate.m in Sources */ = {isa = PBXBuildFile; fileRef = 4A3E28FA1896D16F0037B8AE /* CPAppDelegate.m */; };
		4A3E28FE1896D16F0037B8AE /* Main.storyboard in Resources */ = {isa = PBXBuildFile; fileRef = 4A3E28FC1896D16F0037B8AE /* Main.storyboard */; };
		4A3E29011896D16F0037B8AE /* CPPayViewController.m in Sources */ = {isa = PBXBuildFile; fileRef = 4A3E29001896D16F0037B8AE /* CPPayViewController.m */; };
		4A3E29031896D16F0037B8AE /* Images.xcassets in Resources */ = {isa = PBXBuildFile; fileRef = 4A3E29021896D16F0037B8AE /* Images.xcassets */; };
		4A3E290A1896D16F0037B8AE /* XCTest.framework in Frameworks */ = {isa = PBXBuildFile; fileRef = 4A3E29091896D16F0037B8AE /* XCTest.framework */; };
		4A3E290B1896D16F0037B8AE /* Foundation.framework in Frameworks */ = {isa = PBXBuildFile; fileRef = 4A3E28EA1896D16F0037B8AE /* Foundation.framework */; };
		4A3E290C1896D16F0037B8AE /* UIKit.framework in Frameworks */ = {isa = PBXBuildFile; fileRef = 4A3E28EE1896D16F0037B8AE /* UIKit.framework */; };
		4A3E29141896D16F0037B8AE /* InfoPlist.strings in Resources */ = {isa = PBXBuildFile; fileRef = 4A3E29121896D16F0037B8AE /* InfoPlist.strings */; };
		4A3E29161896D16F0037B8AE /* CareerPathTests.m in Sources */ = {isa = PBXBuildFile; fileRef = 4A3E29151896D16F0037B8AE /* CareerPathTests.m */; };
		4A3E292B189864190037B8AE /* CPQuestionViewController.m in Sources */ = {isa = PBXBuildFile; fileRef = 4A3E292A189864190037B8AE /* CPQuestionViewController.m */; };
		4A3E293218986D300037B8AE /* CPNavController.m in Sources */ = {isa = PBXBuildFile; fileRef = 4A3E293118986D300037B8AE /* CPNavController.m */; };
		4A8C934D18997101002104F0 /* CPReplaceSegue.m in Sources */ = {isa = PBXBuildFile; fileRef = 4A8C934C18997101002104F0 /* CPReplaceSegue.m */; };
		4A8C9352189B8850002104F0 /* CPAPIClient.m in Sources */ = {isa = PBXBuildFile; fileRef = 4A8C9351189B8850002104F0 /* CPAPIClient.m */; };
		4A8C9354189C4D9A002104F0 /* questions.plist in Resources */ = {isa = PBXBuildFile; fileRef = 4A8C9353189C4D9A002104F0 /* questions.plist */; };
		4A8C9358189E9FE6002104F0 /* CPNextController.m in Sources */ = {isa = PBXBuildFile; fileRef = 4A8C9357189E9FE6002104F0 /* CPNextController.m */; };
		4A8C935B189EB5B4002104F0 /* CPBaseViewController.m in Sources */ = {isa = PBXBuildFile; fileRef = 4A8C935A189EB5B4002104F0 /* CPBaseViewController.m */; };
		4AC6F26C18A2AAE200B7C758 /* CPSkillsShortageViewController.m in Sources */ = {isa = PBXBuildFile; fileRef = 4AC6F26B18A2AAE200B7C758 /* CPSkillsShortageViewController.m */; };
		4AC6F26F18A4C7DD00B7C758 /* CPGraphViewController.m in Sources */ = {isa = PBXBuildFile; fileRef = 4AC6F26E18A4C7DD00B7C758 /* CPGraphViewController.m */; };
		4AC6F27118A4CA8200B7C758 /* chart.html in Resources */ = {isa = PBXBuildFile; fileRef = 4AC6F27018A4CA8200B7C758 /* chart.html */; };
		4AC6F27518A5424D00B7C758 /* Chart.js in Resources */ = {isa = PBXBuildFile; fileRef = 4AC6F27418A5424D00B7C758 /* Chart.js */; };
		4AD2BA0E18AB5BF300A2BB9B /* fromSide.png in Resources */ = {isa = PBXBuildFile; fileRef = 4AD2BA0B18AB5BF300A2BB9B /* fromSide.png */; };
		4AD2BA0F18AB5BF300A2BB9B /* fromTop.png in Resources */ = {isa = PBXBuildFile; fileRef = 4AD2BA0C18AB5BF300A2BB9B /* fromTop.png */; };
		4AD2BA1018AB5BF300A2BB9B /* noOrigin.png in Resources */ = {isa = PBXBuildFile; fileRef = 4AD2BA0D18AB5BF300A2BB9B /* noOrigin.png */; };
		4AD2BA1218ABF0F300A2BB9B /* backButton.png in Resources */ = {isa = PBXBuildFile; fileRef = 4AD2BA1118ABF0F300A2BB9B /* backButton.png */; };
		4AD2BA1818AD725000A2BB9B /* night.jpg in Resources */ = {isa = PBXBuildFile; fileRef = 4AD2BA1718AD725000A2BB9B /* night.jpg */; };
		4AD2BA1E18AE019000A2BB9B /* fromSide586.png in Resources */ = {isa = PBXBuildFile; fileRef = 4AD2BA1B18AE019000A2BB9B /* fromSide586.png */; };
		4AD2BA1F18AE019000A2BB9B /* fromTop586.png in Resources */ = {isa = PBXBuildFile; fileRef = 4AD2BA1C18AE019000A2BB9B /* fromTop586.png */; };
		4AD2BA2018AE019000A2BB9B /* noOrigin586.png in Resources */ = {isa = PBXBuildFile; fileRef = 4AD2BA1D18AE019000A2BB9B /* noOrigin586.png */; };
		4AD2BA2318AE031000A2BB9B /* CPSkillsShortagePart2ViewController.m in Sources */ = {isa = PBXBuildFile; fileRef = 4AD2BA2218AE031000A2BB9B /* CPSkillsShortagePart2ViewController.m */; };
		4AD2BA2518AF70CF00A2BB9B /* decision.png in Resources */ = {isa = PBXBuildFile; fileRef = 4AD2BA2418AF70CE00A2BB9B /* decision.png */; };
		4AD2BA2818AF789800A2BB9B /* CPEndViewController.m in Sources */ = {isa = PBXBuildFile; fileRef = 4AD2BA2718AF789800A2BB9B /* CPEndViewController.m */; };
		4AD2BA2A18B1303C00A2BB9B /* responseBkg.png in Resources */ = {isa = PBXBuildFile; fileRef = 4AD2BA2918B1303C00A2BB9B /* responseBkg.png */; };
		4AED12F9189EEC950047DAA0 /* CPGatherInfoViewController.m in Sources */ = {isa = PBXBuildFile; fileRef = 4AED12F8189EEC950047DAA0 /* CPGatherInfoViewController.m */; };
		4AED12FC189EF1E80047DAA0 /* UIPickerDataAndDelegate.m in Sources */ = {isa = PBXBuildFile; fileRef = 4AED12FB189EF1E80047DAA0 /* UIPickerDataAndDelegate.m */; };
		4AED130018A01A2A0047DAA0 /* CPUnemploymentViewController.m in Sources */ = {isa = PBXBuildFile; fileRef = 4AED12FF18A01A2A0047DAA0 /* CPUnemploymentViewController.m */; };
		80D476AE6BF347D9B81D3084 /* libPods.a in Frameworks */ = {isa = PBXBuildFile; fileRef = 0B0672DA97B74EBA97212D47 /* libPods.a */; };
/* End PBXBuildFile section */

/* Begin PBXContainerItemProxy section */
		4A3E290D1896D16F0037B8AE /* PBXContainerItemProxy */ = {
			isa = PBXContainerItemProxy;
			containerPortal = 4A3E28DF1896D16F0037B8AE /* Project object */;
			proxyType = 1;
			remoteGlobalIDString = 4A3E28E61896D16F0037B8AE;
			remoteInfo = CareerPath;
		};
/* End PBXContainerItemProxy section */

/* Begin PBXFileReference section */
		0B0672DA97B74EBA97212D47 /* libPods.a */ = {isa = PBXFileReference; explicitFileType = archive.ar; includeInIndex = 0; path = libPods.a; sourceTree = BUILT_PRODUCTS_DIR; };
		4A04A6A318A6365100CE7C3F /* jquery-2.1.0.min.js */ = {isa = PBXFileReference; fileEncoding = 4; lastKnownFileType = sourcecode.javascript; path = "jquery-2.1.0.min.js"; sourceTree = "<group>"; };
		4A3E28E71896D16F0037B8AE /* CareerPath.app */ = {isa = PBXFileReference; explicitFileType = wrapper.application; includeInIndex = 0; path = CareerPath.app; sourceTree = BUILT_PRODUCTS_DIR; };
		4A3E28EA1896D16F0037B8AE /* Foundation.framework */ = {isa = PBXFileReference; lastKnownFileType = wrapper.framework; name = Foundation.framework; path = System/Library/Frameworks/Foundation.framework; sourceTree = SDKROOT; };
		4A3E28EC1896D16F0037B8AE /* CoreGraphics.framework */ = {isa = PBXFileReference; lastKnownFileType = wrapper.framework; name = CoreGraphics.framework; path = System/Library/Frameworks/CoreGraphics.framework; sourceTree = SDKROOT; };
		4A3E28EE1896D16F0037B8AE /* UIKit.framework */ = {isa = PBXFileReference; lastKnownFileType = wrapper.framework; name = UIKit.framework; path = System/Library/Frameworks/UIKit.framework; sourceTree = SDKROOT; };
		4A3E28F21896D16F0037B8AE /* CareerPath-Info.plist */ = {isa = PBXFileReference; lastKnownFileType = text.plist.xml; path = "CareerPath-Info.plist"; sourceTree = "<group>"; };
		4A3E28F41896D16F0037B8AE /* en */ = {isa = PBXFileReference; lastKnownFileType = text.plist.strings; name = en; path = en.lproj/InfoPlist.strings; sourceTree = "<group>"; };
		4A3E28F61896D16F0037B8AE /* main.m */ = {isa = PBXFileReference; lastKnownFileType = sourcecode.c.objc; path = main.m; sourceTree = "<group>"; };
		4A3E28F81896D16F0037B8AE /* CareerPath-Prefix.pch */ = {isa = PBXFileReference; lastKnownFileType = sourcecode.c.h; path = "CareerPath-Prefix.pch"; sourceTree = "<group>"; };
		4A3E28F91896D16F0037B8AE /* CPAppDelegate.h */ = {isa = PBXFileReference; lastKnownFileType = sourcecode.c.h; path = CPAppDelegate.h; sourceTree = "<group>"; };
		4A3E28FA1896D16F0037B8AE /* CPAppDelegate.m */ = {isa = PBXFileReference; lastKnownFileType = sourcecode.c.objc; path = CPAppDelegate.m; sourceTree = "<group>"; };
		4A3E28FD1896D16F0037B8AE /* Base */ = {isa = PBXFileReference; lastKnownFileType = file.storyboard; name = Base; path = Base.lproj/Main.storyboard; sourceTree = "<group>"; };
		4A3E28FF1896D16F0037B8AE /* CPPayViewController.h */ = {isa = PBXFileReference; lastKnownFileType = sourcecode.c.h; path = CPPayViewController.h; sourceTree = "<group>"; };
		4A3E29001896D16F0037B8AE /* CPPayViewController.m */ = {isa = PBXFileReference; lastKnownFileType = sourcecode.c.objc; path = CPPayViewController.m; sourceTree = "<group>"; };
		4A3E29021896D16F0037B8AE /* Images.xcassets */ = {isa = PBXFileReference; lastKnownFileType = folder.assetcatalog; path = Images.xcassets; sourceTree = "<group>"; };
		4A3E29081896D16F0037B8AE /* CareerPathTests.xctest */ = {isa = PBXFileReference; explicitFileType = wrapper.cfbundle; includeInIndex = 0; path = CareerPathTests.xctest; sourceTree = BUILT_PRODUCTS_DIR; };
		4A3E29091896D16F0037B8AE /* XCTest.framework */ = {isa = PBXFileReference; lastKnownFileType = wrapper.framework; name = XCTest.framework; path = Library/Frameworks/XCTest.framework; sourceTree = DEVELOPER_DIR; };
		4A3E29111896D16F0037B8AE /* CareerPathTests-Info.plist */ = {isa = PBXFileReference; lastKnownFileType = text.plist.xml; path = "CareerPathTests-Info.plist"; sourceTree = "<group>"; };
		4A3E29131896D16F0037B8AE /* en */ = {isa = PBXFileReference; lastKnownFileType = text.plist.strings; name = en; path = en.lproj/InfoPlist.strings; sourceTree = "<group>"; };
		4A3E29151896D16F0037B8AE /* CareerPathTests.m */ = {isa = PBXFileReference; lastKnownFileType = sourcecode.c.objc; path = CareerPathTests.m; sourceTree = "<group>"; };
		4A3E29251896D6510037B8AE /* CPReplaceSegueMovementDelegate.h */ = {isa = PBXFileReference; fileEncoding = 4; lastKnownFileType = sourcecode.c.h; path = CPReplaceSegueMovementDelegate.h; sourceTree = "<group>"; };
		4A3E2929189864190037B8AE /* CPQuestionViewController.h */ = {isa = PBXFileReference; fileEncoding = 4; lastKnownFileType = sourcecode.c.h; path = CPQuestionViewController.h; sourceTree = "<group>"; };
		4A3E292A189864190037B8AE /* CPQuestionViewController.m */ = {isa = PBXFileReference; fileEncoding = 4; lastKnownFileType = sourcecode.c.objc; path = CPQuestionViewController.m; sourceTree = "<group>"; };
		4A3E293018986D300037B8AE /* CPNavController.h */ = {isa = PBXFileReference; fileEncoding = 4; lastKnownFileType = sourcecode.c.h; path = CPNavController.h; sourceTree = "<group>"; };
		4A3E293118986D300037B8AE /* CPNavController.m */ = {isa = PBXFileReference; fileEncoding = 4; lastKnownFileType = sourcecode.c.objc; path = CPNavController.m; sourceTree = "<group>"; };
		4A8C934B18997101002104F0 /* CPReplaceSegue.h */ = {isa = PBXFileReference; fileEncoding = 4; lastKnownFileType = sourcecode.c.h; path = CPReplaceSegue.h; sourceTree = "<group>"; };
		4A8C934C18997101002104F0 /* CPReplaceSegue.m */ = {isa = PBXFileReference; fileEncoding = 4; lastKnownFileType = sourcecode.c.objc; path = CPReplaceSegue.m; sourceTree = "<group>"; };
		4A8C9350189B8850002104F0 /* CPAPIClient.h */ = {isa = PBXFileReference; fileEncoding = 4; lastKnownFileType = sourcecode.c.h; path = CPAPIClient.h; sourceTree = "<group>"; };
		4A8C9351189B8850002104F0 /* CPAPIClient.m */ = {isa = PBXFileReference; fileEncoding = 4; lastKnownFileType = sourcecode.c.objc; path = CPAPIClient.m; sourceTree = "<group>"; };
		4A8C9353189C4D9A002104F0 /* questions.plist */ = {isa = PBXFileReference; fileEncoding = 4; lastKnownFileType = text.plist.xml; path = questions.plist; sourceTree = "<group>"; };
		4A8C9355189E9F1E002104F0 /* CPNextControllerDelegate.h */ = {isa = PBXFileReference; lastKnownFileType = sourcecode.c.h; path = CPNextControllerDelegate.h; sourceTree = "<group>"; };
		4A8C9356189E9FE6002104F0 /* CPNextController.h */ = {isa = PBXFileReference; fileEncoding = 4; lastKnownFileType = sourcecode.c.h; path = CPNextController.h; sourceTree = "<group>"; };
		4A8C9357189E9FE6002104F0 /* CPNextController.m */ = {isa = PBXFileReference; fileEncoding = 4; lastKnownFileType = sourcecode.c.objc; path = CPNextController.m; sourceTree = "<group>"; };
		4A8C9359189EB5B4002104F0 /* CPBaseViewController.h */ = {isa = PBXFileReference; fileEncoding = 4; lastKnownFileType = sourcecode.c.h; path = CPBaseViewController.h; sourceTree = "<group>"; };
		4A8C935A189EB5B4002104F0 /* CPBaseViewController.m */ = {isa = PBXFileReference; fileEncoding = 4; lastKnownFileType = sourcecode.c.objc; path = CPBaseViewController.m; sourceTree = "<group>"; };
		4AC6F26A18A2AAE200B7C758 /* CPSkillsShortageViewController.h */ = {isa = PBXFileReference; fileEncoding = 4; lastKnownFileType = sourcecode.c.h; path = CPSkillsShortageViewController.h; sourceTree = "<group>"; };
		4AC6F26B18A2AAE200B7C758 /* CPSkillsShortageViewController.m */ = {isa = PBXFileReference; fileEncoding = 4; lastKnownFileType = sourcecode.c.objc; path = CPSkillsShortageViewController.m; sourceTree = "<group>"; };
		4AC6F26D18A4C7DC00B7C758 /* CPGraphViewController.h */ = {isa = PBXFileReference; fileEncoding = 4; lastKnownFileType = sourcecode.c.h; path = CPGraphViewController.h; sourceTree = "<group>"; };
		4AC6F26E18A4C7DD00B7C758 /* CPGraphViewController.m */ = {isa = PBXFileReference; fileEncoding = 4; lastKnownFileType = sourcecode.c.objc; path = CPGraphViewController.m; sourceTree = "<group>"; };
		4AC6F27018A4CA8200B7C758 /* chart.html */ = {isa = PBXFileReference; fileEncoding = 4; lastKnownFileType = text.html; path = chart.html; sourceTree = "<group>"; };
		4AC6F27418A5424D00B7C758 /* Chart.js */ = {isa = PBXFileReference; fileEncoding = 4; lastKnownFileType = sourcecode.javascript; path = Chart.js; sourceTree = "<group>"; };
		4AD2BA0B18AB5BF300A2BB9B /* fromSide.png */ = {isa = PBXFileReference; lastKnownFileType = image.png; path = fromSide.png; sourceTree = "<group>"; };
		4AD2BA0C18AB5BF300A2BB9B /* fromTop.png */ = {isa = PBXFileReference; lastKnownFileType = image.png; path = fromTop.png; sourceTree = "<group>"; };
		4AD2BA0D18AB5BF300A2BB9B /* noOrigin.png */ = {isa = PBXFileReference; lastKnownFileType = image.png; path = noOrigin.png; sourceTree = "<group>"; };
		4AD2BA1118ABF0F300A2BB9B /* backButton.png */ = {isa = PBXFileReference; lastKnownFileType = image.png; path = backButton.png; sourceTree = "<group>"; };
		4AD2BA1718AD725000A2BB9B /* night.jpg */ = {isa = PBXFileReference; lastKnownFileType = image.jpeg; path = night.jpg; sourceTree = "<group>"; };
		4AD2BA1B18AE019000A2BB9B /* fromSide586.png */ = {isa = PBXFileReference; lastKnownFileType = image.png; path = fromSide586.png; sourceTree = "<group>"; };
		4AD2BA1C18AE019000A2BB9B /* fromTop586.png */ = {isa = PBXFileReference; lastKnownFileType = image.png; path = fromTop586.png; sourceTree = "<group>"; };
		4AD2BA1D18AE019000A2BB9B /* noOrigin586.png */ = {isa = PBXFileReference; lastKnownFileType = image.png; path = noOrigin586.png; sourceTree = "<group>"; };
		4AD2BA2118AE031000A2BB9B /* CPSkillsShortagePart2ViewController.h */ = {isa = PBXFileReference; fileEncoding = 4; lastKnownFileType = sourcecode.c.h; name = CPSkillsShortagePart2ViewController.h; path = ../CPSkillsShortagePart2ViewController.h; sourceTree = "<group>"; };
		4AD2BA2218AE031000A2BB9B /* CPSkillsShortagePart2ViewController.m */ = {isa = PBXFileReference; fileEncoding = 4; lastKnownFileType = sourcecode.c.objc; name = CPSkillsShortagePart2ViewController.m; path = ../CPSkillsShortagePart2ViewController.m; sourceTree = "<group>"; };
		4AD2BA2418AF70CE00A2BB9B /* decision.png */ = {isa = PBXFileReference; lastKnownFileType = image.png; path = decision.png; sourceTree = "<group>"; };
		4AD2BA2618AF789800A2BB9B /* CPEndViewController.h */ = {isa = PBXFileReference; fileEncoding = 4; lastKnownFileType = sourcecode.c.h; path = CPEndViewController.h; sourceTree = "<group>"; };
		4AD2BA2718AF789800A2BB9B /* CPEndViewController.m */ = {isa = PBXFileReference; fileEncoding = 4; lastKnownFileType = sourcecode.c.objc; path = CPEndViewController.m; sourceTree = "<group>"; };
		4AD2BA2918B1303C00A2BB9B /* responseBkg.png */ = {isa = PBXFileReference; lastKnownFileType = image.png; path = responseBkg.png; sourceTree = "<group>"; };
		4AED12F7189EEC950047DAA0 /* CPGatherInfoViewController.h */ = {isa = PBXFileReference; fileEncoding = 4; lastKnownFileType = sourcecode.c.h; path = CPGatherInfoViewController.h; sourceTree = "<group>"; };
		4AED12F8189EEC950047DAA0 /* CPGatherInfoViewController.m */ = {isa = PBXFileReference; fileEncoding = 4; lastKnownFileType = sourcecode.c.objc; path = CPGatherInfoViewController.m; sourceTree = "<group>"; };
		4AED12FA189EF1E80047DAA0 /* UIPickerDataAndDelegate.h */ = {isa = PBXFileReference; fileEncoding = 4; lastKnownFileType = sourcecode.c.h; path = UIPickerDataAndDelegate.h; sourceTree = "<group>"; };
		4AED12FB189EF1E80047DAA0 /* UIPickerDataAndDelegate.m */ = {isa = PBXFileReference; fileEncoding = 4; lastKnownFileType = sourcecode.c.objc; path = UIPickerDataAndDelegate.m; sourceTree = "<group>"; };
		4AED12FD189EF3AD0047DAA0 /* keys.h */ = {isa = PBXFileReference; lastKnownFileType = sourcecode.c.h; path = keys.h; sourceTree = "<group>"; };
		4AED12FE18A01A2A0047DAA0 /* CPUnemploymentViewController.h */ = {isa = PBXFileReference; fileEncoding = 4; lastKnownFileType = sourcecode.c.h; path = CPUnemploymentViewController.h; sourceTree = "<group>"; };
		4AED12FF18A01A2A0047DAA0 /* CPUnemploymentViewController.m */ = {isa = PBXFileReference; fileEncoding = 4; lastKnownFileType = sourcecode.c.objc; path = CPUnemploymentViewController.m; sourceTree = "<group>"; };
		C20696D640D448C0AD76523B /* Pods.xcconfig */ = {isa = PBXFileReference; includeInIndex = 1; lastKnownFileType = text.xcconfig; name = Pods.xcconfig; path = Pods/Pods.xcconfig; sourceTree = "<group>"; };
/* End PBXFileReference section */

/* Begin PBXFrameworksBuildPhase section */
		4A3E28E41896D16F0037B8AE /* Frameworks */ = {
			isa = PBXFrameworksBuildPhase;
			buildActionMask = 2147483647;
			files = (
				4A3E28ED1896D16F0037B8AE /* CoreGraphics.framework in Frameworks */,
				4A3E28EF1896D16F0037B8AE /* UIKit.framework in Frameworks */,
				4A3E28EB1896D16F0037B8AE /* Foundation.framework in Frameworks */,
				80D476AE6BF347D9B81D3084 /* libPods.a in Frameworks */,
			);
			runOnlyForDeploymentPostprocessing = 0;
		};
		4A3E29051896D16F0037B8AE /* Frameworks */ = {
			isa = PBXFrameworksBuildPhase;
			buildActionMask = 2147483647;
			files = (
				4A3E290A1896D16F0037B8AE /* XCTest.framework in Frameworks */,
				4A3E290C1896D16F0037B8AE /* UIKit.framework in Frameworks */,
				4A3E290B1896D16F0037B8AE /* Foundation.framework in Frameworks */,
			);
			runOnlyForDeploymentPostprocessing = 0;
		};
/* End PBXFrameworksBuildPhase section */

/* Begin PBXGroup section */
		4A3E28DE1896D16F0037B8AE = {
			isa = PBXGroup;
			children = (
				4A3E28F01896D16F0037B8AE /* CareerPath */,
				4A3E290F1896D16F0037B8AE /* CareerPathTests */,
				4A3E28E91896D16F0037B8AE /* Frameworks */,
				4A3E28E81896D16F0037B8AE /* Products */,
				C20696D640D448C0AD76523B /* Pods.xcconfig */,
			);
			sourceTree = "<group>";
		};
		4A3E28E81896D16F0037B8AE /* Products */ = {
			isa = PBXGroup;
			children = (
				4A3E28E71896D16F0037B8AE /* CareerPath.app */,
				4A3E29081896D16F0037B8AE /* CareerPathTests.xctest */,
			);
			name = Products;
			sourceTree = "<group>";
		};
		4A3E28E91896D16F0037B8AE /* Frameworks */ = {
			isa = PBXGroup;
			children = (
				4A3E28EA1896D16F0037B8AE /* Foundation.framework */,
				4A3E28EC1896D16F0037B8AE /* CoreGraphics.framework */,
				4A3E28EE1896D16F0037B8AE /* UIKit.framework */,
				4A3E29091896D16F0037B8AE /* XCTest.framework */,
				0B0672DA97B74EBA97212D47 /* libPods.a */,
			);
			name = Frameworks;
			sourceTree = "<group>";
		};
		4A3E28F01896D16F0037B8AE /* CareerPath */ = {
			isa = PBXGroup;
			children = (
				4AED12FA189EF1E80047DAA0 /* UIPickerDataAndDelegate.h */,
				4AED12FB189EF1E80047DAA0 /* UIPickerDataAndDelegate.m */,
				4A3E28F91896D16F0037B8AE /* CPAppDelegate.h */,
				4A3E28FA1896D16F0037B8AE /* CPAppDelegate.m */,
				4A3E28FC1896D16F0037B8AE /* Main.storyboard */,
				4A3E28FF1896D16F0037B8AE /* CPPayViewController.h */,
				4A3E29001896D16F0037B8AE /* CPPayViewController.m */,
				4A3E29021896D16F0037B8AE /* Images.xcassets */,
				4A3E28F11896D16F0037B8AE /* Supporting Files */,
				4A3E29251896D6510037B8AE /* CPReplaceSegueMovementDelegate.h */,
				4A3E2929189864190037B8AE /* CPQuestionViewController.h */,
				4A3E292A189864190037B8AE /* CPQuestionViewController.m */,
				4A3E293018986D300037B8AE /* CPNavController.h */,
				4A3E293118986D300037B8AE /* CPNavController.m */,
				4A8C934B18997101002104F0 /* CPReplaceSegue.h */,
				4A8C934C18997101002104F0 /* CPReplaceSegue.m */,
				4A8C9350189B8850002104F0 /* CPAPIClient.h */,
				4A8C9351189B8850002104F0 /* CPAPIClient.m */,
				4A8C9355189E9F1E002104F0 /* CPNextControllerDelegate.h */,
				4A8C9356189E9FE6002104F0 /* CPNextController.h */,
				4A8C9357189E9FE6002104F0 /* CPNextController.m */,
				4A8C9359189EB5B4002104F0 /* CPBaseViewController.h */,
				4A8C935A189EB5B4002104F0 /* CPBaseViewController.m */,
				4AED12F7189EEC950047DAA0 /* CPGatherInfoViewController.h */,
				4AED12F8189EEC950047DAA0 /* CPGatherInfoViewController.m */,
				4AED12FE18A01A2A0047DAA0 /* CPUnemploymentViewController.h */,
				4AED12FF18A01A2A0047DAA0 /* CPUnemploymentViewController.m */,
				4AC6F26A18A2AAE200B7C758 /* CPSkillsShortageViewController.h */,
				4AC6F26B18A2AAE200B7C758 /* CPSkillsShortageViewController.m */,
				4AD2BA2118AE031000A2BB9B /* CPSkillsShortagePart2ViewController.h */,
				4AD2BA2218AE031000A2BB9B /* CPSkillsShortagePart2ViewController.m */,
				4AC6F26D18A4C7DC00B7C758 /* CPGraphViewController.h */,
				4AC6F26E18A4C7DD00B7C758 /* CPGraphViewController.m */,
				4AD2BA2618AF789800A2BB9B /* CPEndViewController.h */,
				4AD2BA2718AF789800A2BB9B /* CPEndViewController.m */,
			);
			path = CareerPath;
			sourceTree = "<group>";
		};
		4A3E28F11896D16F0037B8AE /* Supporting Files */ = {
			isa = PBXGroup;
			children = (
				4AD2BA1718AD725000A2BB9B /* night.jpg */,
				4A3E28F21896D16F0037B8AE /* CareerPath-Info.plist */,
				4A3E28F31896D16F0037B8AE /* InfoPlist.strings */,
				4AC6F27418A5424D00B7C758 /* Chart.js */,
				4A04A6A318A6365100CE7C3F /* jquery-2.1.0.min.js */,
				4AC6F27018A4CA8200B7C758 /* chart.html */,
				4A3E28F61896D16F0037B8AE /* main.m */,
				4A3E28F81896D16F0037B8AE /* CareerPath-Prefix.pch */,
				4A8C9353189C4D9A002104F0 /* questions.plist */,
				4AED12FD189EF3AD0047DAA0 /* keys.h */,
				4AD2BA2918B1303C00A2BB9B /* responseBkg.png */,
				4AD2BA2418AF70CE00A2BB9B /* decision.png */,
				4AD2BA1B18AE019000A2BB9B /* fromSide586.png */,
				4AD2BA1C18AE019000A2BB9B /* fromTop586.png */,
				4AD2BA1D18AE019000A2BB9B /* noOrigin586.png */,
				4AD2BA0B18AB5BF300A2BB9B /* fromSide.png */,
				4AD2BA1118ABF0F300A2BB9B /* backButton.png */,
				4AD2BA0C18AB5BF300A2BB9B /* fromTop.png */,
				4AD2BA0D18AB5BF300A2BB9B /* noOrigin.png */,
			);
			name = "Supporting Files";
			sourceTree = "<group>";
		};
		4A3E290F1896D16F0037B8AE /* CareerPathTests */ = {
			isa = PBXGroup;
			children = (
				4A3E29151896D16F0037B8AE /* CareerPathTests.m */,
				4A3E29101896D16F0037B8AE /* Supporting Files */,
			);
			path = CareerPathTests;
			sourceTree = "<group>";
		};
		4A3E29101896D16F0037B8AE /* Supporting Files */ = {
			isa = PBXGroup;
			children = (
				4A3E29111896D16F0037B8AE /* CareerPathTests-Info.plist */,
				4A3E29121896D16F0037B8AE /* InfoPlist.strings */,
			);
			name = "Supporting Files";
			sourceTree = "<group>";
		};
/* End PBXGroup section */

/* Begin PBXNativeTarget section */
		4A3E28E61896D16F0037B8AE /* CareerPath */ = {
			isa = PBXNativeTarget;
			buildConfigurationList = 4A3E29191896D16F0037B8AE /* Build configuration list for PBXNativeTarget "CareerPath" */;
			buildPhases = (
				F80CAC2A5CB444739007059C /* Check Pods Manifest.lock */,
				4A3E28E31896D16F0037B8AE /* Sources */,
				4A3E28E41896D16F0037B8AE /* Frameworks */,
				4A3E28E51896D16F0037B8AE /* Resources */,
				79AC348387D64053A3476B02 /* Copy Pods Resources */,
			);
			buildRules = (
			);
			dependencies = (
			);
			name = CareerPath;
			productName = CareerPath;
			productReference = 4A3E28E71896D16F0037B8AE /* CareerPath.app */;
			productType = "com.apple.product-type.application";
		};
		4A3E29071896D16F0037B8AE /* CareerPathTests */ = {
			isa = PBXNativeTarget;
			buildConfigurationList = 4A3E291C1896D16F0037B8AE /* Build configuration list for PBXNativeTarget "CareerPathTests" */;
			buildPhases = (
				4A3E29041896D16F0037B8AE /* Sources */,
				4A3E29051896D16F0037B8AE /* Frameworks */,
				4A3E29061896D16F0037B8AE /* Resources */,
			);
			buildRules = (
			);
			dependencies = (
				4A3E290E1896D16F0037B8AE /* PBXTargetDependency */,
			);
			name = CareerPathTests;
			productName = CareerPathTests;
			productReference = 4A3E29081896D16F0037B8AE /* CareerPathTests.xctest */;
			productType = "com.apple.product-type.bundle.unit-test";
		};
/* End PBXNativeTarget section */

/* Begin PBXProject section */
		4A3E28DF1896D16F0037B8AE /* Project object */ = {
			isa = PBXProject;
			attributes = {
				CLASSPREFIX = CP;
				LastUpgradeCheck = 0500;
				ORGANIZATIONNAME = "Philip Hardwick";
				TargetAttributes = {
					4A3E29071896D16F0037B8AE = {
						TestTargetID = 4A3E28E61896D16F0037B8AE;
					};
				};
			};
			buildConfigurationList = 4A3E28E21896D16F0037B8AE /* Build configuration list for PBXProject "CareerPath" */;
			compatibilityVersion = "Xcode 3.2";
			developmentRegion = English;
			hasScannedForEncodings = 0;
			knownRegions = (
				en,
				Base,
			);
			mainGroup = 4A3E28DE1896D16F0037B8AE;
			productRefGroup = 4A3E28E81896D16F0037B8AE /* Products */;
			projectDirPath = "";
			projectRoot = "";
			targets = (
				4A3E28E61896D16F0037B8AE /* CareerPath */,
				4A3E29071896D16F0037B8AE /* CareerPathTests */,
			);
		};
/* End PBXProject section */

/* Begin PBXResourcesBuildPhase section */
		4A3E28E51896D16F0037B8AE /* Resources */ = {
			isa = PBXResourcesBuildPhase;
			buildActionMask = 2147483647;
			files = (
				4AD2BA1818AD725000A2BB9B /* night.jpg in Resources */,
				4AD2BA1218ABF0F300A2BB9B /* backButton.png in Resources */,
				4AD2BA1018AB5BF300A2BB9B /* noOrigin.png in Resources */,
				4A04A6A418A6365100CE7C3F /* jquery-2.1.0.min.js in Resources */,
				4A3E29031896D16F0037B8AE /* Images.xcassets in Resources */,
				4A8C9354189C4D9A002104F0 /* questions.plist in Resources */,
				4AD2BA0F18AB5BF300A2BB9B /* fromTop.png in Resources */,
				4A3E28F51896D16F0037B8AE /* InfoPlist.strings in Resources */,
				4AD2BA1F18AE019000A2BB9B /* fromTop586.png in Resources */,
				4AD2BA2A18B1303C00A2BB9B /* responseBkg.png in Resources */,
				4AC6F27518A5424D00B7C758 /* Chart.js in Resources */,
				4AD2BA0E18AB5BF300A2BB9B /* fromSide.png in Resources */,
				4A3E28FE1896D16F0037B8AE /* Main.storyboard in Resources */,
				4AD2BA2018AE019000A2BB9B /* noOrigin586.png in Resources */,
				4AD2BA2518AF70CF00A2BB9B /* decision.png in Resources */,
				4AC6F27118A4CA8200B7C758 /* chart.html in Resources */,
				4AD2BA1E18AE019000A2BB9B /* fromSide586.png in Resources */,
			);
			runOnlyForDeploymentPostprocessing = 0;
		};
		4A3E29061896D16F0037B8AE /* Resources */ = {
			isa = PBXResourcesBuildPhase;
			buildActionMask = 2147483647;
			files = (
				4A3E29141896D16F0037B8AE /* InfoPlist.strings in Resources */,
			);
			runOnlyForDeploymentPostprocessing = 0;
		};
/* End PBXResourcesBuildPhase section */

/* Begin PBXShellScriptBuildPhase section */
		79AC348387D64053A3476B02 /* Copy Pods Resources */ = {
			isa = PBXShellScriptBuildPhase;
			buildActionMask = 2147483647;
			files = (
			);
			inputPaths = (
			);
			name = "Copy Pods Resources";
			outputPaths = (
			);
			runOnlyForDeploymentPostprocessing = 0;
			shellPath = /bin/sh;
			shellScript = "\"${SRCROOT}/Pods/Pods-resources.sh\"\n";
			showEnvVarsInLog = 0;
		};
		F80CAC2A5CB444739007059C /* Check Pods Manifest.lock */ = {
			isa = PBXShellScriptBuildPhase;
			buildActionMask = 2147483647;
			files = (
			);
			inputPaths = (
			);
			name = "Check Pods Manifest.lock";
			outputPaths = (
			);
			runOnlyForDeploymentPostprocessing = 0;
			shellPath = /bin/sh;
			shellScript = "diff \"${PODS_ROOT}/../Podfile.lock\" \"${PODS_ROOT}/Manifest.lock\" > /dev/null\nif [[ $? != 0 ]] ; then\n    cat << EOM\nerror: The sandbox is not in sync with the Podfile.lock. Run 'pod install' or update your CocoaPods installation.\nEOM\n    exit 1\nfi\n";
			showEnvVarsInLog = 0;
		};
/* End PBXShellScriptBuildPhase section */

/* Begin PBXSourcesBuildPhase section */
		4A3E28E31896D16F0037B8AE /* Sources */ = {
			isa = PBXSourcesBuildPhase;
			buildActionMask = 2147483647;
			files = (
				4A8C934D18997101002104F0 /* CPReplaceSegue.m in Sources */,
				4A3E292B189864190037B8AE /* CPQuestionViewController.m in Sources */,
				4AC6F26C18A2AAE200B7C758 /* CPSkillsShortageViewController.m in Sources */,
				4AED12FC189EF1E80047DAA0 /* UIPickerDataAndDelegate.m in Sources */,
				4AED12F9189EEC950047DAA0 /* CPGatherInfoViewController.m in Sources */,
				4A3E293218986D300037B8AE /* CPNavController.m in Sources */,
				4AC6F26F18A4C7DD00B7C758 /* CPGraphViewController.m in Sources */,
				4A8C9352189B8850002104F0 /* CPAPIClient.m in Sources */,
				4A8C935B189EB5B4002104F0 /* CPBaseViewController.m in Sources */,
				4AD2BA2818AF789800A2BB9B /* CPEndViewController.m in Sources */,
				4AD2BA2318AE031000A2BB9B /* CPSkillsShortagePart2ViewController.m in Sources */,
				4A8C9358189E9FE6002104F0 /* CPNextController.m in Sources */,
				4AED130018A01A2A0047DAA0 /* CPUnemploymentViewController.m in Sources */,
				4A3E28F71896D16F0037B8AE /* main.m in Sources */,
				4A3E28FB1896D16F0037B8AE /* CPAppDelegate.m in Sources */,
				4A3E29011896D16F0037B8AE /* CPPayViewController.m in Sources */,
			);
			runOnlyForDeploymentPostprocessing = 0;
		};
		4A3E29041896D16F0037B8AE /* Sources */ = {
			isa = PBXSourcesBuildPhase;
			buildActionMask = 2147483647;
			files = (
				4A3E29161896D16F0037B8AE /* CareerPathTests.m in Sources */,
			);
			runOnlyForDeploymentPostprocessing = 0;
		};
/* End PBXSourcesBuildPhase section */

/* Begin PBXTargetDependency section */
		4A3E290E1896D16F0037B8AE /* PBXTargetDependency */ = {
			isa = PBXTargetDependency;
			target = 4A3E28E61896D16F0037B8AE /* CareerPath */;
			targetProxy = 4A3E290D1896D16F0037B8AE /* PBXContainerItemProxy */;
		};
/* End PBXTargetDependency section */

/* Begin PBXVariantGroup section */
		4A3E28F31896D16F0037B8AE /* InfoPlist.strings */ = {
			isa = PBXVariantGroup;
			children = (
				4A3E28F41896D16F0037B8AE /* en */,
			);
			name = InfoPlist.strings;
			sourceTree = "<group>";
		};
		4A3E28FC1896D16F0037B8AE /* Main.storyboard */ = {
			isa = PBXVariantGroup;
			children = (
				4A3E28FD1896D16F0037B8AE /* Base */,
			);
			name = Main.storyboard;
			sourceTree = "<group>";
		};
		4A3E29121896D16F0037B8AE /* InfoPlist.strings */ = {
			isa = PBXVariantGroup;
			children = (
				4A3E29131896D16F0037B8AE /* en */,
			);
			name = InfoPlist.strings;
			sourceTree = "<group>";
		};
/* End PBXVariantGroup section */

/* Begin XCBuildConfiguration section */
		4A3E29171896D16F0037B8AE /* Debug */ = {
			isa = XCBuildConfiguration;
			buildSettings = {
				ALWAYS_SEARCH_USER_PATHS = NO;
				ARCHS = "$(ARCHS_STANDARD_INCLUDING_64_BIT)";
				CLANG_CXX_LANGUAGE_STANDARD = "gnu++0x";
				CLANG_CXX_LIBRARY = "libc++";
				CLANG_ENABLE_MODULES = YES;
				CLANG_ENABLE_OBJC_ARC = YES;
				CLANG_WARN_BOOL_CONVERSION = YES;
				CLANG_WARN_CONSTANT_CONVERSION = YES;
				CLANG_WARN_DIRECT_OBJC_ISA_USAGE = YES_ERROR;
				CLANG_WARN_EMPTY_BODY = YES;
				CLANG_WARN_ENUM_CONVERSION = YES;
				CLANG_WARN_INT_CONVERSION = YES;
				CLANG_WARN_OBJC_ROOT_CLASS = YES_ERROR;
				CLANG_WARN__DUPLICATE_METHOD_MATCH = YES;
				"CODE_SIGN_IDENTITY[sdk=iphoneos*]" = "iPhone Developer";
				COPY_PHASE_STRIP = NO;
				GCC_C_LANGUAGE_STANDARD = gnu99;
				GCC_DYNAMIC_NO_PIC = NO;
				GCC_OPTIMIZATION_LEVEL = 0;
				GCC_PREPROCESSOR_DEFINITIONS = (
					"DEBUG=1",
					"$(inherited)",
				);
				GCC_SYMBOLS_PRIVATE_EXTERN = NO;
				GCC_WARN_64_TO_32_BIT_CONVERSION = YES;
				GCC_WARN_ABOUT_RETURN_TYPE = YES_ERROR;
				GCC_WARN_UNDECLARED_SELECTOR = YES;
				GCC_WARN_UNINITIALIZED_AUTOS = YES;
				GCC_WARN_UNUSED_FUNCTION = YES;
				GCC_WARN_UNUSED_VARIABLE = YES;
				IPHONEOS_DEPLOYMENT_TARGET = 7.0;
				ONLY_ACTIVE_ARCH = YES;
				SDKROOT = iphoneos;
			};
			name = Debug;
		};
		4A3E29181896D16F0037B8AE /* Release */ = {
			isa = XCBuildConfiguration;
			buildSettings = {
				ALWAYS_SEARCH_USER_PATHS = NO;
				ARCHS = "$(ARCHS_STANDARD_INCLUDING_64_BIT)";
				CLANG_CXX_LANGUAGE_STANDARD = "gnu++0x";
				CLANG_CXX_LIBRARY = "libc++";
				CLANG_ENABLE_MODULES = YES;
				CLANG_ENABLE_OBJC_ARC = YES;
				CLANG_WARN_BOOL_CONVERSION = YES;
				CLANG_WARN_CONSTANT_CONVERSION = YES;
				CLANG_WARN_DIRECT_OBJC_ISA_USAGE = YES_ERROR;
				CLANG_WARN_EMPTY_BODY = YES;
				CLANG_WARN_ENUM_CONVERSION = YES;
				CLANG_WARN_INT_CONVERSION = YES;
				CLANG_WARN_OBJC_ROOT_CLASS = YES_ERROR;
				CLANG_WARN__DUPLICATE_METHOD_MATCH = YES;
				"CODE_SIGN_IDENTITY[sdk=iphoneos*]" = "iPhone Developer";
				COPY_PHASE_STRIP = YES;
				ENABLE_NS_ASSERTIONS = NO;
				GCC_C_LANGUAGE_STANDARD = gnu99;
				GCC_WARN_64_TO_32_BIT_CONVERSION = YES;
				GCC_WARN_ABOUT_RETURN_TYPE = YES_ERROR;
				GCC_WARN_UNDECLARED_SELECTOR = YES;
				GCC_WARN_UNINITIALIZED_AUTOS = YES;
				GCC_WARN_UNUSED_FUNCTION = YES;
				GCC_WARN_UNUSED_VARIABLE = YES;
				IPHONEOS_DEPLOYMENT_TARGET = 7.0;
				SDKROOT = iphoneos;
				VALIDATE_PRODUCT = YES;
			};
			name = Release;
		};
		4A3E291A1896D16F0037B8AE /* Debug */ = {
			isa = XCBuildConfiguration;
			baseConfigurationReference = C20696D640D448C0AD76523B /* Pods.xcconfig */;
			buildSettings = {
				ASSETCATALOG_COMPILER_APPICON_NAME = AppIcon;
				ASSETCATALOG_COMPILER_LAUNCHIMAGE_NAME = LaunchImage;
				GCC_PRECOMPILE_PREFIX_HEADER = YES;
				GCC_PREFIX_HEADER = "CareerPath/CareerPath-Prefix.pch";
				INFOPLIST_FILE = "CareerPath/CareerPath-Info.plist";
				PRODUCT_NAME = "$(TARGET_NAME)";
				WRAPPER_EXTENSION = app;
			};
			name = Debug;
		};
		4A3E291B1896D16F0037B8AE /* Release */ = {
			isa = XCBuildConfiguration;
			baseConfigurationReference = C20696D640D448C0AD76523B /* Pods.xcconfig */;
			buildSettings = {
				ASSETCATALOG_COMPILER_APPICON_NAME = AppIcon;
				ASSETCATALOG_COMPILER_LAUNCHIMAGE_NAME = LaunchImage;
				GCC_PRECOMPILE_PREFIX_HEADER = YES;
				GCC_PREFIX_HEADER = "CareerPath/CareerPath-Prefix.pch";
				INFOPLIST_FILE = "CareerPath/CareerPath-Info.plist";
				PRODUCT_NAME = "$(TARGET_NAME)";
				WRAPPER_EXTENSION = app;
			};
			name = Release;
		};
		4A3E291D1896D16F0037B8AE /* Debug */ = {
			isa = XCBuildConfiguration;
			buildSettings = {
				ARCHS = "$(ARCHS_STANDARD_INCLUDING_64_BIT)";
				BUNDLE_LOADER = "$(BUILT_PRODUCTS_DIR)/CareerPath.app/CareerPath";
				FRAMEWORK_SEARCH_PATHS = (
					"$(SDKROOT)/Developer/Library/Frameworks",
					"$(inherited)",
					"$(DEVELOPER_FRAMEWORKS_DIR)",
				);
				GCC_PRECOMPILE_PREFIX_HEADER = YES;
				GCC_PREFIX_HEADER = "CareerPath/CareerPath-Prefix.pch";
				GCC_PREPROCESSOR_DEFINITIONS = (
					"DEBUG=1",
					"$(inherited)",
				);
				INFOPLIST_FILE = "CareerPathTests/CareerPathTests-Info.plist";
				PRODUCT_NAME = "$(TARGET_NAME)";
				TEST_HOST = "$(BUNDLE_LOADER)";
				WRAPPER_EXTENSION = xctest;
			};
			name = Debug;
		};
		4A3E291E1896D16F0037B8AE /* Release */ = {
			isa = XCBuildConfiguration;
			buildSettings = {
				ARCHS = "$(ARCHS_STANDARD_INCLUDING_64_BIT)";
				BUNDLE_LOADER = "$(BUILT_PRODUCTS_DIR)/CareerPath.app/CareerPath";
				FRAMEWORK_SEARCH_PATHS = (
					"$(SDKROOT)/Developer/Library/Frameworks",
					"$(inherited)",
					"$(DEVELOPER_FRAMEWORKS_DIR)",
				);
				GCC_PRECOMPILE_PREFIX_HEADER = YES;
				GCC_PREFIX_HEADER = "CareerPath/CareerPath-Prefix.pch";
				INFOPLIST_FILE = "CareerPathTests/CareerPathTests-Info.plist";
				PRODUCT_NAME = "$(TARGET_NAME)";
				TEST_HOST = "$(BUNDLE_LOADER)";
				WRAPPER_EXTENSION = xctest;
			};
			name = Release;
		};
/* End XCBuildConfiguration section */

/* Begin XCConfigurationList section */
		4A3E28E21896D16F0037B8AE /* Build configuration list for PBXProject "CareerPath" */ = {
			isa = XCConfigurationList;
			buildConfigurations = (
				4A3E29171896D16F0037B8AE /* Debug */,
				4A3E29181896D16F0037B8AE /* Release */,
			);
			defaultConfigurationIsVisible = 0;
			defaultConfigurationName = Release;
		};
		4A3E29191896D16F0037B8AE /* Build configuration list for PBXNativeTarget "CareerPath" */ = {
			isa = XCConfigurationList;
			buildConfigurations = (
				4A3E291A1896D16F0037B8AE /* Debug */,
				4A3E291B1896D16F0037B8AE /* Release */,
			);
			defaultConfigurationIsVisible = 0;
			defaultConfigurationName = Release;
		};
		4A3E291C1896D16F0037B8AE /* Build configuration list for PBXNativeTarget "CareerPathTests" */ = {
			isa = XCConfigurationList;
			buildConfigurations = (
				4A3E291D1896D16F0037B8AE /* Debug */,
				4A3E291E1896D16F0037B8AE /* Release */,
			);
			defaultConfigurationIsVisible = 0;
			defaultConfigurationName = Release;
		};
/* End XCConfigurationList section */
	};
	rootObject = 4A3E28DF1896D16F0037B8AE /* Project object */;
}
